// !$*UTF8*$!
{
	archiveVersion = 1;
	classes = {
	};
	objectVersion = 50;
	objects = {

/* Begin PBXBuildFile section */
		B60A6E0C24ECE23F004B7EEF /* apple2gs.plist in Resources */ = {isa = PBXBuildFile; fileRef = B60A6E0B24ECE23F004B7EEF /* apple2gs.plist */; };
		B64E15A624E9B34700E8AD3D /* Models.plist in Resources */ = {isa = PBXBuildFile; fileRef = B64E15A424E9B34700E8AD3D /* Models.plist */; };
		B64E15A924EA1D5300E8AD3D /* ROMBrowserDelegate.m in Sources */ = {isa = PBXBuildFile; fileRef = B64E15A824EA1D5300E8AD3D /* ROMBrowserDelegate.m */; };
		B64E15AC24EA1FD400E8AD3D /* SlotBrowserDelegate.m in Sources */ = {isa = PBXBuildFile; fileRef = B64E15AB24EA1FD400E8AD3D /* SlotBrowserDelegate.m */; };
		B64E15B524EA383F00E8AD3D /* apple2gs in Resources */ = {isa = PBXBuildFile; fileRef = B64E15B424EA383F00E8AD3D /* apple2gs */; };
		B64E15B824EC912200E8AD3D /* SlotView.xib in Resources */ = {isa = PBXBuildFile; fileRef = B64E15B624EC912200E8AD3D /* SlotView.xib */; };
		B65593B124ECB61800722E0C /* SlotViewController.m in Sources */ = {isa = PBXBuildFile; fileRef = B65593B024ECB61800722E0C /* SlotViewController.m */; };
		B6BA258024E99BE9005FB8FF /* AppDelegate.m in Sources */ = {isa = PBXBuildFile; fileRef = B6BA257F24E99BE9005FB8FF /* AppDelegate.m */; };
		B6BA258224E99BEB005FB8FF /* Assets.xcassets in Resources */ = {isa = PBXBuildFile; fileRef = B6BA258124E99BEB005FB8FF /* Assets.xcassets */; };
		B6BA258524E99BEB005FB8FF /* MainMenu.xib in Resources */ = {isa = PBXBuildFile; fileRef = B6BA258324E99BEB005FB8FF /* MainMenu.xib */; };
		B6BA258824E99BEB005FB8FF /* main.m in Sources */ = {isa = PBXBuildFile; fileRef = B6BA258724E99BEB005FB8FF /* main.m */; };
/* End PBXBuildFile section */

/* Begin PBXFileReference section */
		B60A6E0B24ECE23F004B7EEF /* apple2gs.plist */ = {isa = PBXFileReference; fileEncoding = 4; lastKnownFileType = text.plist.xml; path = apple2gs.plist; sourceTree = "<group>"; };
		B64E15A524E9B34700E8AD3D /* Base */ = {isa = PBXFileReference; lastKnownFileType = text.plist.xml; name = Base; path = Base.lproj/Models.plist; sourceTree = "<group>"; };
		B64E15A724EA1D5300E8AD3D /* ROMBrowserDelegate.h */ = {isa = PBXFileReference; lastKnownFileType = sourcecode.c.h; path = ROMBrowserDelegate.h; sourceTree = "<group>"; };
		B64E15A824EA1D5300E8AD3D /* ROMBrowserDelegate.m */ = {isa = PBXFileReference; lastKnownFileType = sourcecode.c.objc; path = ROMBrowserDelegate.m; sourceTree = "<group>"; };
		B64E15AA24EA1FD400E8AD3D /* SlotBrowserDelegate.h */ = {isa = PBXFileReference; lastKnownFileType = sourcecode.c.h; path = SlotBrowserDelegate.h; sourceTree = "<group>"; };
		B64E15AB24EA1FD400E8AD3D /* SlotBrowserDelegate.m */ = {isa = PBXFileReference; lastKnownFileType = sourcecode.c.objc; path = SlotBrowserDelegate.m; sourceTree = "<group>"; };
		B64E15B424EA383F00E8AD3D /* apple2gs */ = {isa = PBXFileReference; lastKnownFileType = folder; path = apple2gs; sourceTree = "<group>"; };
		B64E15B724EC912200E8AD3D /* Base */ = {isa = PBXFileReference; lastKnownFileType = file.xib; name = Base; path = MA2ME/Base.lproj/SlotView.xib; sourceTree = "<group>"; };
		B65593AF24ECB61800722E0C /* SlotViewController.h */ = {isa = PBXFileReference; lastKnownFileType = sourcecode.c.h; path = SlotViewController.h; sourceTree = "<group>"; };
		B65593B024ECB61800722E0C /* SlotViewController.m */ = {isa = PBXFileReference; lastKnownFileType = sourcecode.c.objc; path = SlotViewController.m; sourceTree = "<group>"; };
		B6BA257B24E99BE9005FB8FF /* MA2ME.app */ = {isa = PBXFileReference; explicitFileType = wrapper.application; includeInIndex = 0; path = MA2ME.app; sourceTree = BUILT_PRODUCTS_DIR; };
		B6BA257E24E99BE9005FB8FF /* AppDelegate.h */ = {isa = PBXFileReference; lastKnownFileType = sourcecode.c.h; path = AppDelegate.h; sourceTree = "<group>"; };
		B6BA257F24E99BE9005FB8FF /* AppDelegate.m */ = {isa = PBXFileReference; lastKnownFileType = sourcecode.c.objc; path = AppDelegate.m; sourceTree = "<group>"; };
		B6BA258124E99BEB005FB8FF /* Assets.xcassets */ = {isa = PBXFileReference; lastKnownFileType = folder.assetcatalog; path = Assets.xcassets; sourceTree = "<group>"; };
		B6BA258424E99BEB005FB8FF /* Base */ = {isa = PBXFileReference; lastKnownFileType = file.xib; name = Base; path = Base.lproj/MainMenu.xib; sourceTree = "<group>"; };
		B6BA258624E99BEB005FB8FF /* Info.plist */ = {isa = PBXFileReference; lastKnownFileType = text.plist.xml; path = Info.plist; sourceTree = "<group>"; };
		B6BA258724E99BEB005FB8FF /* main.m */ = {isa = PBXFileReference; lastKnownFileType = sourcecode.c.objc; path = main.m; sourceTree = "<group>"; };
		B6BA258924E99BEB005FB8FF /* MA2ME.entitlements */ = {isa = PBXFileReference; lastKnownFileType = text.plist.entitlements; path = MA2ME.entitlements; sourceTree = "<group>"; };
/* End PBXFileReference section */

/* Begin PBXFrameworksBuildPhase section */
		B6BA257824E99BE9005FB8FF /* Frameworks */ = {
			isa = PBXFrameworksBuildPhase;
			buildActionMask = 2147483647;
			files = (
			);
			runOnlyForDeploymentPostprocessing = 0;
		};
/* End PBXFrameworksBuildPhase section */

/* Begin PBXGroup section */
		B64E15AF24EA365E00E8AD3D /* Resources */ = {
			isa = PBXGroup;
			children = (
				B60A6E0B24ECE23F004B7EEF /* apple2gs.plist */,
				B64E15B424EA383F00E8AD3D /* apple2gs */,
				B64E15A424E9B34700E8AD3D /* Models.plist */,
			);
			path = Resources;
			sourceTree = "<group>";
		};
		B6BA257224E99BE9005FB8FF = {
			isa = PBXGroup;
			children = (
				B65593AF24ECB61800722E0C /* SlotViewController.h */,
				B65593B024ECB61800722E0C /* SlotViewController.m */,
				B6BA257D24E99BE9005FB8FF /* MA2ME */,
				B6BA257C24E99BE9005FB8FF /* Products */,
			);
			sourceTree = "<group>";
		};
		B6BA257C24E99BE9005FB8FF /* Products */ = {
			isa = PBXGroup;
			children = (
				B6BA257B24E99BE9005FB8FF /* MA2ME.app */,
			);
			name = Products;
			sourceTree = "<group>";
		};
		B6BA257D24E99BE9005FB8FF /* MA2ME */ = {
			isa = PBXGroup;
			children = (
				B6BA257E24E99BE9005FB8FF /* AppDelegate.h */,
				B6BA257F24E99BE9005FB8FF /* AppDelegate.m */,
				B6BA258124E99BEB005FB8FF /* Assets.xcassets */,
				B64E15A724EA1D5300E8AD3D /* ROMBrowserDelegate.h */,
				B64E15A824EA1D5300E8AD3D /* ROMBrowserDelegate.m */,
				B64E15AA24EA1FD400E8AD3D /* SlotBrowserDelegate.h */,
				B64E15AB24EA1FD400E8AD3D /* SlotBrowserDelegate.m */,
				B64E15AF24EA365E00E8AD3D /* Resources */,
				B6BA258624E99BEB005FB8FF /* Info.plist */,
				B6BA258724E99BEB005FB8FF /* main.m */,
				B6BA258924E99BEB005FB8FF /* MA2ME.entitlements */,
				B6BA258324E99BEB005FB8FF /* MainMenu.xib */,
				B64E15B624EC912200E8AD3D /* SlotView.xib */,
			);
			path = MA2ME;
			sourceTree = "<group>";
		};
/* End PBXGroup section */

/* Begin PBXNativeTarget section */
		B6BA257A24E99BE9005FB8FF /* MA2ME */ = {
			isa = PBXNativeTarget;
			buildConfigurationList = B6BA258C24E99BEB005FB8FF /* Build configuration list for PBXNativeTarget "MA2ME" */;
			buildPhases = (
				B6BA257724E99BE9005FB8FF /* Sources */,
				B6BA257824E99BE9005FB8FF /* Frameworks */,
				B6BA257924E99BE9005FB8FF /* Resources */,
			);
			buildRules = (
			);
			dependencies = (
			);
			name = MA2ME;
			productName = MA2ME;
			productReference = B6BA257B24E99BE9005FB8FF /* MA2ME.app */;
			productType = "com.apple.product-type.application";
		};
/* End PBXNativeTarget section */

/* Begin PBXProject section */
		B6BA257324E99BE9005FB8FF /* Project object */ = {
			isa = PBXProject;
			attributes = {
				LastUpgradeCheck = 1130;
				ORGANIZATIONNAME = "Kelvin Sherlock";
				TargetAttributes = {
					B6BA257A24E99BE9005FB8FF = {
						CreatedOnToolsVersion = 11.3.1;
					};
				};
			};
			buildConfigurationList = B6BA257624E99BE9005FB8FF /* Build configuration list for PBXProject "MA2ME" */;
			compatibilityVersion = "Xcode 9.3";
			developmentRegion = en;
			hasScannedForEncodings = 0;
			knownRegions = (
				en,
				Base,
			);
			mainGroup = B6BA257224E99BE9005FB8FF;
			productRefGroup = B6BA257C24E99BE9005FB8FF /* Products */;
			projectDirPath = "";
			projectRoot = "";
			targets = (
				B6BA257A24E99BE9005FB8FF /* MA2ME */,
			);
		};
/* End PBXProject section */

/* Begin PBXResourcesBuildPhase section */
		B6BA257924E99BE9005FB8FF /* Resources */ = {
			isa = PBXResourcesBuildPhase;
			buildActionMask = 2147483647;
			files = (
				B6BA258224E99BEB005FB8FF /* Assets.xcassets in Resources */,
				B6BA258524E99BEB005FB8FF /* MainMenu.xib in Resources */,
				B64E15B824EC912200E8AD3D /* SlotView.xib in Resources */,
				B64E15B524EA383F00E8AD3D /* apple2gs in Resources */,
				B60A6E0C24ECE23F004B7EEF /* apple2gs.plist in Resources */,
				B64E15A624E9B34700E8AD3D /* Models.plist in Resources */,
			);
			runOnlyForDeploymentPostprocessing = 0;
		};
/* End PBXResourcesBuildPhase section */

/* Begin PBXSourcesBuildPhase section */
		B6BA257724E99BE9005FB8FF /* Sources */ = {
			isa = PBXSourcesBuildPhase;
			buildActionMask = 2147483647;
			files = (
				B6BA258824E99BEB005FB8FF /* main.m in Sources */,
				B64E15AC24EA1FD400E8AD3D /* SlotBrowserDelegate.m in Sources */,
				B64E15A924EA1D5300E8AD3D /* ROMBrowserDelegate.m in Sources */,
				B6BA258024E99BE9005FB8FF /* AppDelegate.m in Sources */,
				B65593B124ECB61800722E0C /* SlotViewController.m in Sources */,
			);
			runOnlyForDeploymentPostprocessing = 0;
		};
/* End PBXSourcesBuildPhase section */

/* Begin PBXVariantGroup section */
		B64E15A424E9B34700E8AD3D /* Models.plist */ = {
			isa = PBXVariantGroup;
			children = (
				B64E15A524E9B34700E8AD3D /* Base */,
			);
			name = Models.plist;
			sourceTree = "<group>";
		};
		B64E15B624EC912200E8AD3D /* SlotView.xib */ = {
			isa = PBXVariantGroup;
			children = (
				B64E15B724EC912200E8AD3D /* Base */,
			);
			name = SlotView.xib;
			sourceTree = "<group>";
		};
		B6BA258324E99BEB005FB8FF /* MainMenu.xib */ = {
			isa = PBXVariantGroup;
			children = (
				B6BA258424E99BEB005FB8FF /* Base */,
			);
			name = MainMenu.xib;
			sourceTree = "<group>";
		};
/* End PBXVariantGroup section */

/* Begin XCBuildConfiguration section */
		B6BA258A24E99BEB005FB8FF /* Debug */ = {
			isa = XCBuildConfiguration;
			buildSettings = {
				ALWAYS_SEARCH_USER_PATHS = NO;
				CLANG_ANALYZER_NONNULL = YES;
				CLANG_ANALYZER_NUMBER_OBJECT_CONVERSION = YES_AGGRESSIVE;
				CLANG_CXX_LANGUAGE_STANDARD = "gnu++14";
				CLANG_CXX_LIBRARY = "libc++";
				CLANG_ENABLE_MODULES = YES;
				CLANG_ENABLE_OBJC_ARC = YES;
				CLANG_ENABLE_OBJC_WEAK = YES;
				CLANG_WARN_BLOCK_CAPTURE_AUTORELEASING = YES;
				CLANG_WARN_BOOL_CONVERSION = YES;
				CLANG_WARN_COMMA = YES;
				CLANG_WARN_CONSTANT_CONVERSION = YES;
				CLANG_WARN_DEPRECATED_OBJC_IMPLEMENTATIONS = YES;
				CLANG_WARN_DIRECT_OBJC_ISA_USAGE = YES_ERROR;
				CLANG_WARN_DOCUMENTATION_COMMENTS = YES;
				CLANG_WARN_EMPTY_BODY = YES;
				CLANG_WARN_ENUM_CONVERSION = YES;
				CLANG_WARN_INFINITE_RECURSION = YES;
				CLANG_WARN_INT_CONVERSION = YES;
				CLANG_WARN_NON_LITERAL_NULL_CONVERSION = YES;
				CLANG_WARN_OBJC_IMPLICIT_RETAIN_SELF = YES;
				CLANG_WARN_OBJC_LITERAL_CONVERSION = YES;
				CLANG_WARN_OBJC_ROOT_CLASS = YES_ERROR;
				CLANG_WARN_RANGE_LOOP_ANALYSIS = YES;
				CLANG_WARN_STRICT_PROTOTYPES = YES;
				CLANG_WARN_SUSPICIOUS_MOVE = YES;
				CLANG_WARN_UNGUARDED_AVAILABILITY = YES_AGGRESSIVE;
				CLANG_WARN_UNREACHABLE_CODE = YES;
				CLANG_WARN__DUPLICATE_METHOD_MATCH = YES;
				COPY_PHASE_STRIP = NO;
				DEBUG_INFORMATION_FORMAT = dwarf;
				ENABLE_STRICT_OBJC_MSGSEND = YES;
				ENABLE_TESTABILITY = YES;
				GCC_C_LANGUAGE_STANDARD = gnu11;
				GCC_DYNAMIC_NO_PIC = NO;
				GCC_NO_COMMON_BLOCKS = YES;
				GCC_OPTIMIZATION_LEVEL = 0;
				GCC_PREPROCESSOR_DEFINITIONS = (
					"DEBUG=1",
					"$(inherited)",
				);
				GCC_WARN_64_TO_32_BIT_CONVERSION = YES;
				GCC_WARN_ABOUT_RETURN_TYPE = YES_ERROR;
				GCC_WARN_UNDECLARED_SELECTOR = YES;
				GCC_WARN_UNINITIALIZED_AUTOS = YES_AGGRESSIVE;
				GCC_WARN_UNUSED_FUNCTION = YES;
				GCC_WARN_UNUSED_VARIABLE = YES;
				MACOSX_DEPLOYMENT_TARGET = 10.14;
				MTL_ENABLE_DEBUG_INFO = INCLUDE_SOURCE;
				MTL_FAST_MATH = YES;
				ONLY_ACTIVE_ARCH = YES;
				SDKROOT = macosx;
			};
			name = Debug;
		};
		B6BA258B24E99BEB005FB8FF /* Release */ = {
			isa = XCBuildConfiguration;
			buildSettings = {
				ALWAYS_SEARCH_USER_PATHS = NO;
				CLANG_ANALYZER_NONNULL = YES;
				CLANG_ANALYZER_NUMBER_OBJECT_CONVERSION = YES_AGGRESSIVE;
				CLANG_CXX_LANGUAGE_STANDARD = "gnu++14";
				CLANG_CXX_LIBRARY = "libc++";
				CLANG_ENABLE_MODULES = YES;
				CLANG_ENABLE_OBJC_ARC = YES;
				CLANG_ENABLE_OBJC_WEAK = YES;
				CLANG_WARN_BLOCK_CAPTURE_AUTORELEASING = YES;
				CLANG_WARN_BOOL_CONVERSION = YES;
				CLANG_WARN_COMMA = YES;
				CLANG_WARN_CONSTANT_CONVERSION = YES;
				CLANG_WARN_DEPRECATED_OBJC_IMPLEMENTATIONS = YES;
				CLANG_WARN_DIRECT_OBJC_ISA_USAGE = YES_ERROR;
				CLANG_WARN_DOCUMENTATION_COMMENTS = YES;
				CLANG_WARN_EMPTY_BODY = YES;
				CLANG_WARN_ENUM_CONVERSION = YES;
				CLANG_WARN_INFINITE_RECURSION = YES;
				CLANG_WARN_INT_CONVERSION = YES;
				CLANG_WARN_NON_LITERAL_NULL_CONVERSION = YES;
				CLANG_WARN_OBJC_IMPLICIT_RETAIN_SELF = YES;
				CLANG_WARN_OBJC_LITERAL_CONVERSION = YES;
				CLANG_WARN_OBJC_ROOT_CLASS = YES_ERROR;
				CLANG_WARN_RANGE_LOOP_ANALYSIS = YES;
				CLANG_WARN_STRICT_PROTOTYPES = YES;
				CLANG_WARN_SUSPICIOUS_MOVE = YES;
				CLANG_WARN_UNGUARDED_AVAILABILITY = YES_AGGRESSIVE;
				CLANG_WARN_UNREACHABLE_CODE = YES;
				CLANG_WARN__DUPLICATE_METHOD_MATCH = YES;
				COPY_PHASE_STRIP = NO;
				DEBUG_INFORMATION_FORMAT = "dwarf-with-dsym";
				ENABLE_NS_ASSERTIONS = NO;
				ENABLE_STRICT_OBJC_MSGSEND = YES;
				GCC_C_LANGUAGE_STANDARD = gnu11;
				GCC_NO_COMMON_BLOCKS = YES;
				GCC_WARN_64_TO_32_BIT_CONVERSION = YES;
				GCC_WARN_ABOUT_RETURN_TYPE = YES_ERROR;
				GCC_WARN_UNDECLARED_SELECTOR = YES;
				GCC_WARN_UNINITIALIZED_AUTOS = YES_AGGRESSIVE;
				GCC_WARN_UNUSED_FUNCTION = YES;
				GCC_WARN_UNUSED_VARIABLE = YES;
				MACOSX_DEPLOYMENT_TARGET = 10.14;
				MTL_ENABLE_DEBUG_INFO = NO;
				MTL_FAST_MATH = YES;
				SDKROOT = macosx;
			};
			name = Release;
		};
		B6BA258D24E99BEB005FB8FF /* Debug */ = {
			isa = XCBuildConfiguration;
			buildSettings = {
				ASSETCATALOG_COMPILER_APPICON_NAME = AppIcon;
				CODE_SIGN_ENTITLEMENTS = MA2ME/MA2ME.entitlements;
				CODE_SIGN_STYLE = Automatic;
				COMBINE_HIDPI_IMAGES = YES;
				INFOPLIST_FILE = MA2ME/Info.plist;
				LD_RUNPATH_SEARCH_PATHS = (
					"$(inherited)",
					"@executable_path/../Frameworks",
				);
				PRODUCT_BUNDLE_IDENTIFIER = com.ksherlock.MA2ME;
				PRODUCT_NAME = "$(TARGET_NAME)";
			};
			name = Debug;
		};
		B6BA258E24E99BEB005FB8FF /* Release */ = {
			isa = XCBuildConfiguration;
			buildSettings = {
				ASSETCATALOG_COMPILER_APPICON_NAME = AppIcon;
				CODE_SIGN_ENTITLEMENTS = MA2ME/MA2ME.entitlements;
				CODE_SIGN_STYLE = Automatic;
				COMBINE_HIDPI_IMAGES = YES;
				INFOPLIST_FILE = MA2ME/Info.plist;
				LD_RUNPATH_SEARCH_PATHS = (
					"$(inherited)",
					"@executable_path/../Frameworks",
				);
				PRODUCT_BUNDLE_IDENTIFIER = com.ksherlock.MA2ME;
				PRODUCT_NAME = "$(TARGET_NAME)";
			};
			name = Release;
		};
/* End XCBuildConfiguration section */

/* Begin XCConfigurationList section */
		B6BA257624E99BE9005FB8FF /* Build configuration list for PBXProject "MA2ME" */ = {
			isa = XCConfigurationList;
			buildConfigurations = (
				B6BA258A24E99BEB005FB8FF /* Debug */,
				B6BA258B24E99BEB005FB8FF /* Release */,
			);
			defaultConfigurationIsVisible = 0;
			defaultConfigurationName = Release;
		};
		B6BA258C24E99BEB005FB8FF /* Build configuration list for PBXNativeTarget "MA2ME" */ = {
			isa = XCConfigurationList;
			buildConfigurations = (
				B6BA258D24E99BEB005FB8FF /* Debug */,
				B6BA258E24E99BEB005FB8FF /* Release */,
			);
			defaultConfigurationIsVisible = 0;
			defaultConfigurationName = Release;
		};
/* End XCConfigurationList section */
	};
	rootObject = B6BA257324E99BE9005FB8FF /* Project object */;
}
